<?xml version="1.0" encoding="utf-8"?>
<Project ToolsVersion="4.0" xmlns="http://schemas.microsoft.com/developer/msbuild/2003">
  <ItemGroup>
    <Filter Include="Source Files">
      <UniqueIdentifier>{4FC737F1-C7A5-4376-A066-2A32D752A2FF}</UniqueIdentifier>
      <Extensions>cpp;c;cc;cxx;def;odl;idl;hpj;bat;asm;asmx</Extensions>
    </Filter>
    <Filter Include="Header Files">
      <UniqueIdentifier>{93995380-89BD-4b04-88EB-625FBE52EBFB}</UniqueIdentifier>
      <Extensions>h;hh;hpp;hxx;hm;inl;inc;xsd</Extensions>
    </Filter>
    <Filter Include="Resource Files">
      <UniqueIdentifier>{67DA6AB6-F800-4c08-8B7A-83BB121AAD01}</UniqueIdentifier>
      <Extensions>rc;ico;cur;bmp;dlg;rc2;rct;bin;rgs;gif;jpg;jpeg;jpe;resx;tiff;tif;png;wav</Extensions>
    </Filter>
    <Filter Include="Header Files\gnet">
      <UniqueIdentifier>{da102475-cb81-48f4-86c6-5d6e61ce1e67}</UniqueIdentifier>
    </Filter>
    <Filter Include="Source Files\lib">
      <UniqueIdentifier>{563f9a20-75a1-44ed-b4ec-b79834fd04bb}</UniqueIdentifier>
    </Filter>
    <Filter Include="Source Files\lib\gnet">
      <UniqueIdentifier>{56e7535d-6c65-450d-aa7d-ed3d8225adef}</UniqueIdentifier>
    </Filter>
  </ItemGroup>
  <ItemGroup>
    <ClCompile Include="main.c">
      <Filter>Source Files</Filter>
    </ClCompile>
    <ClCompile Include="lib\console.c">
      <Filter>Source Files\lib</Filter>
    </ClCompile>
    <ClCompile Include="lib\base64.c">
      <Filter>Source Files\lib\gnet</Filter>
    </ClCompile>
    <ClCompile Include="lib\conn.c">
      <Filter>Source Files\lib\gnet</Filter>
    </ClCompile>
    <ClCompile Include="lib\conn-http.c">
      <Filter>Source Files\lib\gnet</Filter>
    </ClCompile>
    <ClCompile Include="lib\gnet.c">
      <Filter>Source Files\lib\gnet</Filter>
    </ClCompile>
    <ClCompile Include="lib\gnet-private.c">
      <Filter>Source Files\lib\gnet</Filter>
    </ClCompile>
    <ClCompile Include="lib\inetaddr.c">
      <Filter>Source Files\lib\gnet</Filter>
    </ClCompile>
    <ClCompile Include="lib\iochannel.c">
      <Filter>Source Files\lib\gnet</Filter>
    </ClCompile>
    <ClCompile Include="lib\ipv6.c">
      <Filter>Source Files\lib\gnet</Filter>
    </ClCompile>
    <ClCompile Include="lib\mcast.c">
      <Filter>Source Files\lib\gnet</Filter>
    </ClCompile>
    <ClCompile Include="lib\md5.c">
      <Filter>Source Files\lib\gnet</Filter>
    </ClCompile>
    <ClCompile Include="lib\pack.c">
      <Filter>Source Files\lib\gnet</Filter>
    </ClCompile>
    <ClCompile Include="lib\server.c">
      <Filter>Source Files\lib\gnet</Filter>
    </ClCompile>
    <ClCompile Include="lib\sha.c">
      <Filter>Source Files\lib\gnet</Filter>
    </ClCompile>
    <ClCompile Include="lib\socks.c">
      <Filter>Source Files\lib\gnet</Filter>
    </ClCompile>
    <ClCompile Include="lib\socks-private.c">
      <Filter>Source Files\lib\gnet</Filter>
    </ClCompile>
    <ClCompile Include="lib\tcp.c">
      <Filter>Source Files\lib\gnet</Filter>
    </ClCompile>
    <ClCompile Include="lib\udp.c">
      <Filter>Source Files\lib\gnet</Filter>
    </ClCompile>
    <ClCompile Include="lib\unix.c">
      <Filter>Source Files\lib\gnet</Filter>
    </ClCompile>
    <ClCompile Include="lib\uri.c">
      <Filter>Source Files\lib\gnet</Filter>
    </ClCompile>
    <ClCompile Include="lib\usagi_ifaddrs.c">
      <Filter>Source Files\lib\gnet</Filter>
    </ClCompile>
  </ItemGroup>
  <ItemGroup>
    <ClInclude Include="lib\base64.h">
      <Filter>Header Files\gnet</Filter>
    </ClInclude>
    <ClInclude Include="lib\conn.h">
      <Filter>Header Files\gnet</Filter>
    </ClInclude>
    <ClInclude Include="lib\conn-http.h">
      <Filter>Header Files\gnet</Filter>
    </ClInclude>
    <ClInclude Include="lib\gnet.h">
      <Filter>Header Files\gnet</Filter>
    </ClInclude>
    <ClInclude Include="lib\gnet-private.h">
      <Filter>Header Files\gnet</Filter>
    </ClInclude>
    <ClInclude Include="lib\inetaddr.h">
      <Filter>Header Files\gnet</Filter>
    </ClInclude>
    <ClInclude Include="lib\iochannel.h">
      <Filter>Header Files\gnet</Filter>
    </ClInclude>
    <ClInclude Include="lib\ipv6.h">
      <Filter>Header Files\gnet</Filter>
    </ClInclude>
    <ClInclude Include="lib\mcast.h">
      <Filter>Header Files\gnet</Filter>
    </ClInclude>
    <ClInclude Include="lib\md5.h">
      <Filter>Header Files\gnet</Filter>
    </ClInclude>
    <ClInclude Include="lib\pack.h">
      <Filter>Header Files\gnet</Filter>
    </ClInclude>
    <ClInclude Include="lib\server.h">
      <Filter>Header Files\gnet</Filter>
    </ClInclude>
    <ClInclude Include="lib\sha.h">
      <Filter>Header Files\gnet</Filter>
    </ClInclude>
    <ClInclude Include="lib\socks.h">
      <Filter>Header Files\gnet</Filter>
    </ClInclude>
    <ClInclude Include="lib\socks-private.h">
      <Filter>Header Files\gnet</Filter>
    </ClInclude>
    <ClInclude Include="lib\tcp.h">
      <Filter>Header Files\gnet</Filter>
    </ClInclude>
    <ClInclude Include="lib\udp.h">
      <Filter>Header Files\gnet</Filter>
    </ClInclude>
    <ClInclude Include="lib\unix.h">
      <Filter>Header Files\gnet</Filter>
    </ClInclude>
    <ClInclude Include="lib\uri.h">
      <Filter>Header Files\gnet</Filter>
    </ClInclude>
    <ClInclude Include="lib\usagi_ifaddrs.h">
      <Filter>Header Files\gnet</Filter>
    </ClInclude>
    <ClInclude Include="lib\console.h">
      <Filter>Header Files</Filter>
    </ClInclude>
  </ItemGroup>
</Project>